[[package]]
name = "aho-corasick"
version = "0.6.6"
source = "registry+https://github.com/rust-lang/crates.io-index"
dependencies = [
 "memchr 2.0.1 (registry+https://github.com/rust-lang/crates.io-index)",
]

[[package]]
name = "ansi_term"
version = "0.9.0"
source = "registry+https://github.com/rust-lang/crates.io-index"

[[package]]
name = "arrayvec"
version = "0.4.7"
source = "registry+https://github.com/rust-lang/crates.io-index"
dependencies = [
 "nodrop 0.1.12 (registry+https://github.com/rust-lang/crates.io-index)",
]

[[package]]
name = "aster"
version = "0.41.0"
source = "registry+https://github.com/rust-lang/crates.io-index"
dependencies = [
 "syntex_syntax 0.58.1 (registry+https://github.com/rust-lang/crates.io-index)",
]

[[package]]
name = "atty"
version = "0.2.11"
source = "registry+https://github.com/rust-lang/crates.io-index"
dependencies = [
 "libc 0.2.42 (registry+https://github.com/rust-lang/crates.io-index)",
 "termion 1.5.1 (registry+https://github.com/rust-lang/crates.io-index)",
 "winapi 0.3.5 (registry+https://github.com/rust-lang/crates.io-index)",
]

[[package]]
name = "bindgen"
version = "0.30.0"
source = "registry+https://github.com/rust-lang/crates.io-index"
dependencies = [
 "aster 0.41.0 (registry+https://github.com/rust-lang/crates.io-index)",
 "cexpr 0.2.3 (registry+https://github.com/rust-lang/crates.io-index)",
 "cfg-if 0.1.4 (registry+https://github.com/rust-lang/crates.io-index)",
 "clang-sys 0.19.0 (registry+https://github.com/rust-lang/crates.io-index)",
 "clap 2.26.0 (registry+https://github.com/rust-lang/crates.io-index)",
 "env_logger 0.4.3 (registry+https://github.com/rust-lang/crates.io-index)",
 "lazy_static 0.2.11 (registry+https://github.com/rust-lang/crates.io-index)",
 "log 0.3.9 (registry+https://github.com/rust-lang/crates.io-index)",
 "peeking_take_while 0.1.2 (registry+https://github.com/rust-lang/crates.io-index)",
 "quasi 0.32.0 (registry+https://github.com/rust-lang/crates.io-index)",
 "quasi_codegen 0.32.0 (registry+https://github.com/rust-lang/crates.io-index)",
 "regex 0.2.11 (registry+https://github.com/rust-lang/crates.io-index)",
 "syntex_syntax 0.58.1 (registry+https://github.com/rust-lang/crates.io-index)",
 "which 1.0.5 (registry+https://github.com/rust-lang/crates.io-index)",
]

[[package]]
name = "bitflags"
version = "0.7.0"
source = "registry+https://github.com/rust-lang/crates.io-index"

[[package]]
name = "bitflags"
version = "0.8.2"
source = "registry+https://github.com/rust-lang/crates.io-index"

[[package]]
name = "bitflags"
version = "0.9.1"
source = "registry+https://github.com/rust-lang/crates.io-index"

[[package]]
name = "bitflags"
version = "1.0.3"
source = "registry+https://github.com/rust-lang/crates.io-index"

[[package]]
name = "cbindgen"
version = "0.4.3"
source = "registry+https://github.com/rust-lang/crates.io-index"
dependencies = [
 "clap 2.26.0 (registry+https://github.com/rust-lang/crates.io-index)",
 "log 0.3.9 (registry+https://github.com/rust-lang/crates.io-index)",
 "serde 1.0.70 (registry+https://github.com/rust-lang/crates.io-index)",
 "serde_json 1.0.24 (registry+https://github.com/rust-lang/crates.io-index)",
 "syn 0.11.11 (registry+https://github.com/rust-lang/crates.io-index)",
 "tempdir 0.3.7 (registry+https://github.com/rust-lang/crates.io-index)",
 "toml 0.4.6 (registry+https://github.com/rust-lang/crates.io-index)",
]

[[package]]
name = "cc"
version = "1.0.18"
source = "registry+https://github.com/rust-lang/crates.io-index"

[[package]]
name = "cexpr"
version = "0.2.3"
source = "registry+https://github.com/rust-lang/crates.io-index"
dependencies = [
 "nom 3.2.1 (registry+https://github.com/rust-lang/crates.io-index)",
]

[[package]]
name = "cfg-if"
version = "0.1.4"
source = "registry+https://github.com/rust-lang/crates.io-index"

[[package]]
name = "clang-sys"
version = "0.19.0"
source = "registry+https://github.com/rust-lang/crates.io-index"
dependencies = [
 "bitflags 0.9.1 (registry+https://github.com/rust-lang/crates.io-index)",
 "glob 0.2.11 (registry+https://github.com/rust-lang/crates.io-index)",
 "libc 0.2.42 (registry+https://github.com/rust-lang/crates.io-index)",
 "libloading 0.4.3 (registry+https://github.com/rust-lang/crates.io-index)",
]

[[package]]
name = "clap"
version = "2.26.0"
source = "registry+https://github.com/rust-lang/crates.io-index"
dependencies = [
 "ansi_term 0.9.0 (registry+https://github.com/rust-lang/crates.io-index)",
 "atty 0.2.11 (registry+https://github.com/rust-lang/crates.io-index)",
 "bitflags 0.9.1 (registry+https://github.com/rust-lang/crates.io-index)",
 "strsim 0.6.0 (registry+https://github.com/rust-lang/crates.io-index)",
 "term_size 0.3.1 (registry+https://github.com/rust-lang/crates.io-index)",
 "textwrap 0.7.0 (registry+https://github.com/rust-lang/crates.io-index)",
 "unicode-segmentation 1.2.1 (registry+https://github.com/rust-lang/crates.io-index)",
 "unicode-width 0.1.5 (registry+https://github.com/rust-lang/crates.io-index)",
 "vec_map 0.8.1 (registry+https://github.com/rust-lang/crates.io-index)",
]

[[package]]
name = "crossbeam-deque"
version = "0.2.0"
source = "registry+https://github.com/rust-lang/crates.io-index"
dependencies = [
 "crossbeam-epoch 0.3.1 (registry+https://github.com/rust-lang/crates.io-index)",
 "crossbeam-utils 0.2.2 (registry+https://github.com/rust-lang/crates.io-index)",
]

[[package]]
name = "crossbeam-epoch"
version = "0.3.1"
source = "registry+https://github.com/rust-lang/crates.io-index"
dependencies = [
 "arrayvec 0.4.7 (registry+https://github.com/rust-lang/crates.io-index)",
 "cfg-if 0.1.4 (registry+https://github.com/rust-lang/crates.io-index)",
 "crossbeam-utils 0.2.2 (registry+https://github.com/rust-lang/crates.io-index)",
 "lazy_static 1.0.2 (registry+https://github.com/rust-lang/crates.io-index)",
 "memoffset 0.2.1 (registry+https://github.com/rust-lang/crates.io-index)",
 "nodrop 0.1.12 (registry+https://github.com/rust-lang/crates.io-index)",
 "scopeguard 0.3.3 (registry+https://github.com/rust-lang/crates.io-index)",
]

[[package]]
name = "crossbeam-utils"
version = "0.2.2"
source = "registry+https://github.com/rust-lang/crates.io-index"
dependencies = [
 "cfg-if 0.1.4 (registry+https://github.com/rust-lang/crates.io-index)",
]

[[package]]
name = "derive-new"
version = "0.5.5"
source = "registry+https://github.com/rust-lang/crates.io-index"
dependencies = [
 "proc-macro2 0.4.9 (registry+https://github.com/rust-lang/crates.io-index)",
 "quote 0.6.4 (registry+https://github.com/rust-lang/crates.io-index)",
 "syn 0.14.5 (registry+https://github.com/rust-lang/crates.io-index)",
]

[[package]]
name = "distinst"
version = "0.3.2"
dependencies = [
 "derive-new 0.5.5 (registry+https://github.com/rust-lang/crates.io-index)",
 "failure 0.1.1 (registry+https://github.com/rust-lang/crates.io-index)",
 "failure_derive 0.1.1 (registry+https://github.com/rust-lang/crates.io-index)",
 "fern 0.5.6 (registry+https://github.com/rust-lang/crates.io-index)",
 "gettext-rs 0.3.0 (registry+https://github.com/rust-lang/crates.io-index)",
 "iso3166-1 1.0.1 (registry+https://github.com/rust-lang/crates.io-index)",
 "isolang 0.2.1 (registry+https://github.com/rust-lang/crates.io-index)",
 "itertools 0.7.8 (registry+https://github.com/rust-lang/crates.io-index)",
 "lazy_static 1.0.2 (registry+https://github.com/rust-lang/crates.io-index)",
 "libc 0.2.42 (registry+https://github.com/rust-lang/crates.io-index)",
 "libparted 0.1.3 (registry+https://github.com/rust-lang/crates.io-index)",
 "log 0.4.3 (registry+https://github.com/rust-lang/crates.io-index)",
 "pbr 1.0.1 (registry+https://github.com/rust-lang/crates.io-index)",
 "rand 0.4.2 (registry+https://github.com/rust-lang/crates.io-index)",
 "raw-cpuid 3.1.0 (registry+https://github.com/rust-lang/crates.io-index)",
 "rayon 1.0.2 (registry+https://github.com/rust-lang/crates.io-index)",
 "serde 1.0.70 (registry+https://github.com/rust-lang/crates.io-index)",
 "serde-xml-rs 0.2.1 (registry+https://github.com/rust-lang/crates.io-index)",
 "serde_derive 1.0.70 (registry+https://github.com/rust-lang/crates.io-index)",
 "tempdir 0.3.7 (registry+https://github.com/rust-lang/crates.io-index)",
]

[[package]]
name = "distinst_cli"
version = "0.3.2"
dependencies = [
 "clap 2.26.0 (registry+https://github.com/rust-lang/crates.io-index)",
 "distinst 0.3.2",
 "failure 0.1.1 (registry+https://github.com/rust-lang/crates.io-index)",
 "failure_derive 0.1.1 (registry+https://github.com/rust-lang/crates.io-index)",
 "libc 0.2.42 (registry+https://github.com/rust-lang/crates.io-index)",
 "pbr 1.0.1 (registry+https://github.com/rust-lang/crates.io-index)",
]

[[package]]
name = "distinst_ffi"
version = "0.3.2"
dependencies = [
 "cbindgen 0.4.3 (registry+https://github.com/rust-lang/crates.io-index)",
 "distinst 0.3.2",
 "libc 0.2.42 (registry+https://github.com/rust-lang/crates.io-index)",
 "log 0.4.3 (registry+https://github.com/rust-lang/crates.io-index)",
]

[[package]]
name = "dtoa"
version = "0.4.3"
source = "registry+https://github.com/rust-lang/crates.io-index"

[[package]]
name = "either"
version = "1.5.0"
source = "registry+https://github.com/rust-lang/crates.io-index"

[[package]]
name = "env_logger"
version = "0.4.3"
source = "registry+https://github.com/rust-lang/crates.io-index"
dependencies = [
 "log 0.3.9 (registry+https://github.com/rust-lang/crates.io-index)",
 "regex 0.2.11 (registry+https://github.com/rust-lang/crates.io-index)",
]

[[package]]
name = "failure"
version = "0.1.1"
source = "registry+https://github.com/rust-lang/crates.io-index"
dependencies = [
 "failure_derive 0.1.1 (registry+https://github.com/rust-lang/crates.io-index)",
]

[[package]]
name = "failure_derive"
version = "0.1.1"
source = "registry+https://github.com/rust-lang/crates.io-index"
dependencies = [
 "quote 0.3.15 (registry+https://github.com/rust-lang/crates.io-index)",
 "syn 0.11.11 (registry+https://github.com/rust-lang/crates.io-index)",
 "synstructure 0.6.1 (registry+https://github.com/rust-lang/crates.io-index)",
]

[[package]]
name = "fern"
version = "0.5.6"
source = "registry+https://github.com/rust-lang/crates.io-index"
dependencies = [
 "log 0.4.3 (registry+https://github.com/rust-lang/crates.io-index)",
]

[[package]]
name = "fuchsia-zircon"
version = "0.3.3"
source = "registry+https://github.com/rust-lang/crates.io-index"
dependencies = [
 "bitflags 1.0.3 (registry+https://github.com/rust-lang/crates.io-index)",
 "fuchsia-zircon-sys 0.3.3 (registry+https://github.com/rust-lang/crates.io-index)",
]

[[package]]
name = "fuchsia-zircon-sys"
version = "0.3.3"
source = "registry+https://github.com/rust-lang/crates.io-index"

[[package]]
name = "gettext-rs"
version = "0.3.0"
source = "registry+https://github.com/rust-lang/crates.io-index"

[[package]]
name = "glob"
version = "0.2.11"
source = "registry+https://github.com/rust-lang/crates.io-index"

[[package]]
name = "iso3166-1"
version = "1.0.1"
source = "registry+https://github.com/rust-lang/crates.io-index"

[[package]]
name = "isolang"
version = "0.2.1"
source = "registry+https://github.com/rust-lang/crates.io-index"
dependencies = [
 "phf 0.7.22 (registry+https://github.com/rust-lang/crates.io-index)",
 "phf_codegen 0.7.22 (registry+https://github.com/rust-lang/crates.io-index)",
]

[[package]]
name = "itertools"
version = "0.7.8"
source = "registry+https://github.com/rust-lang/crates.io-index"
dependencies = [
 "either 1.5.0 (registry+https://github.com/rust-lang/crates.io-index)",
]

[[package]]
name = "itoa"
version = "0.4.2"
source = "registry+https://github.com/rust-lang/crates.io-index"

[[package]]
name = "kernel32-sys"
version = "0.2.2"
source = "registry+https://github.com/rust-lang/crates.io-index"
dependencies = [
 "winapi 0.2.8 (registry+https://github.com/rust-lang/crates.io-index)",
 "winapi-build 0.1.1 (registry+https://github.com/rust-lang/crates.io-index)",
]

[[package]]
name = "lazy_static"
version = "0.2.11"
source = "registry+https://github.com/rust-lang/crates.io-index"

[[package]]
name = "lazy_static"
version = "1.0.2"
source = "registry+https://github.com/rust-lang/crates.io-index"

[[package]]
name = "libc"
version = "0.2.42"
source = "registry+https://github.com/rust-lang/crates.io-index"

[[package]]
name = "libloading"
version = "0.4.3"
source = "registry+https://github.com/rust-lang/crates.io-index"
dependencies = [
 "kernel32-sys 0.2.2 (registry+https://github.com/rust-lang/crates.io-index)",
 "lazy_static 1.0.2 (registry+https://github.com/rust-lang/crates.io-index)",
 "winapi 0.2.8 (registry+https://github.com/rust-lang/crates.io-index)",
]

[[package]]
name = "libparted"
version = "0.1.3"
source = "registry+https://github.com/rust-lang/crates.io-index"
dependencies = [
 "libc 0.2.42 (registry+https://github.com/rust-lang/crates.io-index)",
 "libparted-sys 0.1.1 (registry+https://github.com/rust-lang/crates.io-index)",
]

[[package]]
name = "libparted-sys"
version = "0.1.1"
source = "registry+https://github.com/rust-lang/crates.io-index"
dependencies = [
 "bindgen 0.30.0 (registry+https://github.com/rust-lang/crates.io-index)",
]

[[package]]
name = "log"
version = "0.3.9"
source = "registry+https://github.com/rust-lang/crates.io-index"
dependencies = [
 "log 0.4.3 (registry+https://github.com/rust-lang/crates.io-index)",
]

[[package]]
name = "log"
version = "0.4.3"
source = "registry+https://github.com/rust-lang/crates.io-index"
dependencies = [
 "cfg-if 0.1.4 (registry+https://github.com/rust-lang/crates.io-index)",
]

[[package]]
name = "memchr"
version = "1.0.2"
source = "registry+https://github.com/rust-lang/crates.io-index"
dependencies = [
 "libc 0.2.42 (registry+https://github.com/rust-lang/crates.io-index)",
]

[[package]]
name = "memchr"
version = "2.0.1"
source = "registry+https://github.com/rust-lang/crates.io-index"
dependencies = [
 "libc 0.2.42 (registry+https://github.com/rust-lang/crates.io-index)",
]

[[package]]
name = "memoffset"
version = "0.2.1"
source = "registry+https://github.com/rust-lang/crates.io-index"

[[package]]
name = "nodrop"
version = "0.1.12"
source = "registry+https://github.com/rust-lang/crates.io-index"

[[package]]
name = "nom"
version = "3.2.1"
source = "registry+https://github.com/rust-lang/crates.io-index"
dependencies = [
 "memchr 1.0.2 (registry+https://github.com/rust-lang/crates.io-index)",
]

[[package]]
name = "num_cpus"
version = "1.8.0"
source = "registry+https://github.com/rust-lang/crates.io-index"
dependencies = [
 "libc 0.2.42 (registry+https://github.com/rust-lang/crates.io-index)",
]

[[package]]
name = "pbr"
version = "1.0.1"
source = "registry+https://github.com/rust-lang/crates.io-index"
dependencies = [
 "kernel32-sys 0.2.2 (registry+https://github.com/rust-lang/crates.io-index)",
 "libc 0.2.42 (registry+https://github.com/rust-lang/crates.io-index)",
 "termion 1.5.1 (registry+https://github.com/rust-lang/crates.io-index)",
 "time 0.1.40 (registry+https://github.com/rust-lang/crates.io-index)",
 "winapi 0.2.8 (registry+https://github.com/rust-lang/crates.io-index)",
]

[[package]]
name = "peeking_take_while"
version = "0.1.2"
source = "registry+https://github.com/rust-lang/crates.io-index"

[[package]]
name = "phf"
version = "0.7.22"
source = "registry+https://github.com/rust-lang/crates.io-index"
dependencies = [
 "phf_shared 0.7.22 (registry+https://github.com/rust-lang/crates.io-index)",
]

[[package]]
name = "phf_codegen"
version = "0.7.22"
source = "registry+https://github.com/rust-lang/crates.io-index"
dependencies = [
 "phf_generator 0.7.22 (registry+https://github.com/rust-lang/crates.io-index)",
 "phf_shared 0.7.22 (registry+https://github.com/rust-lang/crates.io-index)",
]

[[package]]
name = "phf_generator"
version = "0.7.22"
source = "registry+https://github.com/rust-lang/crates.io-index"
dependencies = [
 "phf_shared 0.7.22 (registry+https://github.com/rust-lang/crates.io-index)",
 "rand 0.4.2 (registry+https://github.com/rust-lang/crates.io-index)",
]

[[package]]
name = "phf_shared"
version = "0.7.22"
source = "registry+https://github.com/rust-lang/crates.io-index"
dependencies = [
 "siphasher 0.2.2 (registry+https://github.com/rust-lang/crates.io-index)",
]

[[package]]
name = "proc-macro2"
version = "0.4.9"
source = "registry+https://github.com/rust-lang/crates.io-index"
dependencies = [
 "unicode-xid 0.1.0 (registry+https://github.com/rust-lang/crates.io-index)",
]

[[package]]
name = "quasi"
version = "0.32.0"
source = "registry+https://github.com/rust-lang/crates.io-index"
dependencies = [
 "syntex_errors 0.58.1 (registry+https://github.com/rust-lang/crates.io-index)",
 "syntex_syntax 0.58.1 (registry+https://github.com/rust-lang/crates.io-index)",
]

[[package]]
name = "quasi_codegen"
version = "0.32.0"
source = "registry+https://github.com/rust-lang/crates.io-index"
dependencies = [
 "aster 0.41.0 (registry+https://github.com/rust-lang/crates.io-index)",
 "syntex 0.58.1 (registry+https://github.com/rust-lang/crates.io-index)",
 "syntex_errors 0.58.1 (registry+https://github.com/rust-lang/crates.io-index)",
 "syntex_syntax 0.58.1 (registry+https://github.com/rust-lang/crates.io-index)",
]

[[package]]
name = "quote"
version = "0.3.15"
source = "registry+https://github.com/rust-lang/crates.io-index"

[[package]]
name = "quote"
version = "0.6.4"
source = "registry+https://github.com/rust-lang/crates.io-index"
dependencies = [
 "proc-macro2 0.4.9 (registry+https://github.com/rust-lang/crates.io-index)",
]

[[package]]
name = "rand"
version = "0.4.2"
source = "registry+https://github.com/rust-lang/crates.io-index"
dependencies = [
 "fuchsia-zircon 0.3.3 (registry+https://github.com/rust-lang/crates.io-index)",
 "libc 0.2.42 (registry+https://github.com/rust-lang/crates.io-index)",
 "winapi 0.3.5 (registry+https://github.com/rust-lang/crates.io-index)",
]

[[package]]
name = "raw-cpuid"
version = "3.1.0"
source = "registry+https://github.com/rust-lang/crates.io-index"
dependencies = [
 "bitflags 0.7.0 (registry+https://github.com/rust-lang/crates.io-index)",
 "cc 1.0.18 (registry+https://github.com/rust-lang/crates.io-index)",
]

[[package]]
name = "rayon"
version = "1.0.2"
source = "registry+https://github.com/rust-lang/crates.io-index"
dependencies = [
 "crossbeam-deque 0.2.0 (registry+https://github.com/rust-lang/crates.io-index)",
 "either 1.5.0 (registry+https://github.com/rust-lang/crates.io-index)",
 "rayon-core 1.4.1 (registry+https://github.com/rust-lang/crates.io-index)",
]

[[package]]
name = "rayon-core"
version = "1.4.1"
source = "registry+https://github.com/rust-lang/crates.io-index"
dependencies = [
 "crossbeam-deque 0.2.0 (registry+https://github.com/rust-lang/crates.io-index)",
 "lazy_static 1.0.2 (registry+https://github.com/rust-lang/crates.io-index)",
 "libc 0.2.42 (registry+https://github.com/rust-lang/crates.io-index)",
 "num_cpus 1.8.0 (registry+https://github.com/rust-lang/crates.io-index)",
]

[[package]]
name = "redox_syscall"
version = "0.1.40"
source = "registry+https://github.com/rust-lang/crates.io-index"

[[package]]
name = "redox_termios"
version = "0.1.1"
source = "registry+https://github.com/rust-lang/crates.io-index"
dependencies = [
 "redox_syscall 0.1.40 (registry+https://github.com/rust-lang/crates.io-index)",
]

[[package]]
name = "regex"
version = "0.2.11"
source = "registry+https://github.com/rust-lang/crates.io-index"
dependencies = [
 "aho-corasick 0.6.6 (registry+https://github.com/rust-lang/crates.io-index)",
 "memchr 2.0.1 (registry+https://github.com/rust-lang/crates.io-index)",
 "regex-syntax 0.5.6 (registry+https://github.com/rust-lang/crates.io-index)",
 "thread_local 0.3.5 (registry+https://github.com/rust-lang/crates.io-index)",
 "utf8-ranges 1.0.0 (registry+https://github.com/rust-lang/crates.io-index)",
]

[[package]]
name = "regex-syntax"
version = "0.5.6"
source = "registry+https://github.com/rust-lang/crates.io-index"
dependencies = [
 "ucd-util 0.1.1 (registry+https://github.com/rust-lang/crates.io-index)",
]

[[package]]
name = "remove_dir_all"
version = "0.5.1"
source = "registry+https://github.com/rust-lang/crates.io-index"
dependencies = [
 "winapi 0.3.5 (registry+https://github.com/rust-lang/crates.io-index)",
]

[[package]]
name = "rustc-serialize"
version = "0.3.24"
source = "registry+https://github.com/rust-lang/crates.io-index"

[[package]]
name = "scopeguard"
version = "0.3.3"
source = "registry+https://github.com/rust-lang/crates.io-index"

[[package]]
name = "serde"
version = "1.0.70"
source = "registry+https://github.com/rust-lang/crates.io-index"
dependencies = [
 "serde_derive 1.0.70 (registry+https://github.com/rust-lang/crates.io-index)",
]

[[package]]
name = "serde-xml-rs"
version = "0.2.1"
source = "registry+https://github.com/rust-lang/crates.io-index"
dependencies = [
 "log 0.3.9 (registry+https://github.com/rust-lang/crates.io-index)",
 "serde 1.0.70 (registry+https://github.com/rust-lang/crates.io-index)",
 "xml-rs 0.3.6 (registry+https://github.com/rust-lang/crates.io-index)",
]

[[package]]
name = "serde_derive"
version = "1.0.70"
source = "registry+https://github.com/rust-lang/crates.io-index"
dependencies = [
 "proc-macro2 0.4.9 (registry+https://github.com/rust-lang/crates.io-index)",
 "quote 0.6.4 (registry+https://github.com/rust-lang/crates.io-index)",
 "syn 0.14.5 (registry+https://github.com/rust-lang/crates.io-index)",
]

[[package]]
name = "serde_json"
version = "1.0.24"
source = "registry+https://github.com/rust-lang/crates.io-index"
dependencies = [
 "dtoa 0.4.3 (registry+https://github.com/rust-lang/crates.io-index)",
 "itoa 0.4.2 (registry+https://github.com/rust-lang/crates.io-index)",
 "serde 1.0.70 (registry+https://github.com/rust-lang/crates.io-index)",
]

[[package]]
name = "siphasher"
version = "0.2.2"
source = "registry+https://github.com/rust-lang/crates.io-index"

[[package]]
name = "strsim"
version = "0.6.0"
source = "registry+https://github.com/rust-lang/crates.io-index"

[[package]]
name = "syn"
version = "0.11.11"
source = "registry+https://github.com/rust-lang/crates.io-index"
dependencies = [
 "quote 0.3.15 (registry+https://github.com/rust-lang/crates.io-index)",
 "synom 0.11.3 (registry+https://github.com/rust-lang/crates.io-index)",
 "unicode-xid 0.0.4 (registry+https://github.com/rust-lang/crates.io-index)",
]

[[package]]
name = "syn"
version = "0.14.5"
source = "registry+https://github.com/rust-lang/crates.io-index"
dependencies = [
 "proc-macro2 0.4.9 (registry+https://github.com/rust-lang/crates.io-index)",
 "quote 0.6.4 (registry+https://github.com/rust-lang/crates.io-index)",
 "unicode-xid 0.1.0 (registry+https://github.com/rust-lang/crates.io-index)",
]

[[package]]
name = "synom"
version = "0.11.3"
source = "registry+https://github.com/rust-lang/crates.io-index"
dependencies = [
 "unicode-xid 0.0.4 (registry+https://github.com/rust-lang/crates.io-index)",
]

[[package]]
name = "synstructure"
version = "0.6.1"
source = "registry+https://github.com/rust-lang/crates.io-index"
dependencies = [
 "quote 0.3.15 (registry+https://github.com/rust-lang/crates.io-index)",
 "syn 0.11.11 (registry+https://github.com/rust-lang/crates.io-index)",
]

[[package]]
name = "syntex"
version = "0.58.1"
source = "registry+https://github.com/rust-lang/crates.io-index"
dependencies = [
 "syntex_errors 0.58.1 (registry+https://github.com/rust-lang/crates.io-index)",
 "syntex_syntax 0.58.1 (registry+https://github.com/rust-lang/crates.io-index)",
]

[[package]]
name = "syntex_errors"
version = "0.58.1"
source = "registry+https://github.com/rust-lang/crates.io-index"
dependencies = [
 "libc 0.2.42 (registry+https://github.com/rust-lang/crates.io-index)",
 "rustc-serialize 0.3.24 (registry+https://github.com/rust-lang/crates.io-index)",
 "syntex_pos 0.58.1 (registry+https://github.com/rust-lang/crates.io-index)",
 "term 0.4.6 (registry+https://github.com/rust-lang/crates.io-index)",
 "unicode-xid 0.0.4 (registry+https://github.com/rust-lang/crates.io-index)",
]

[[package]]
name = "syntex_pos"
version = "0.58.1"
source = "registry+https://github.com/rust-lang/crates.io-index"
dependencies = [
 "rustc-serialize 0.3.24 (registry+https://github.com/rust-lang/crates.io-index)",
]

[[package]]
name = "syntex_syntax"
version = "0.58.1"
source = "registry+https://github.com/rust-lang/crates.io-index"
dependencies = [
 "bitflags 0.8.2 (registry+https://github.com/rust-lang/crates.io-index)",
 "log 0.3.9 (registry+https://github.com/rust-lang/crates.io-index)",
 "rustc-serialize 0.3.24 (registry+https://github.com/rust-lang/crates.io-index)",
 "syntex_errors 0.58.1 (registry+https://github.com/rust-lang/crates.io-index)",
 "syntex_pos 0.58.1 (registry+https://github.com/rust-lang/crates.io-index)",
 "unicode-xid 0.0.4 (registry+https://github.com/rust-lang/crates.io-index)",
]

[[package]]
name = "tempdir"
version = "0.3.7"
source = "registry+https://github.com/rust-lang/crates.io-index"
dependencies = [
 "rand 0.4.2 (registry+https://github.com/rust-lang/crates.io-index)",
 "remove_dir_all 0.5.1 (registry+https://github.com/rust-lang/crates.io-index)",
]

[[package]]
name = "term"
version = "0.4.6"
source = "registry+https://github.com/rust-lang/crates.io-index"
dependencies = [
 "kernel32-sys 0.2.2 (registry+https://github.com/rust-lang/crates.io-index)",
 "winapi 0.2.8 (registry+https://github.com/rust-lang/crates.io-index)",
]

[[package]]
name = "term_size"
version = "0.3.1"
source = "registry+https://github.com/rust-lang/crates.io-index"
dependencies = [
 "kernel32-sys 0.2.2 (registry+https://github.com/rust-lang/crates.io-index)",
 "libc 0.2.42 (registry+https://github.com/rust-lang/crates.io-index)",
 "winapi 0.2.8 (registry+https://github.com/rust-lang/crates.io-index)",
]

[[package]]
name = "termion"
version = "1.5.1"
source = "registry+https://github.com/rust-lang/crates.io-index"
dependencies = [
 "libc 0.2.42 (registry+https://github.com/rust-lang/crates.io-index)",
 "redox_syscall 0.1.40 (registry+https://github.com/rust-lang/crates.io-index)",
 "redox_termios 0.1.1 (registry+https://github.com/rust-lang/crates.io-index)",
]

[[package]]
name = "textwrap"
version = "0.7.0"
source = "registry+https://github.com/rust-lang/crates.io-index"
dependencies = [
 "term_size 0.3.1 (registry+https://github.com/rust-lang/crates.io-index)",
 "unicode-width 0.1.5 (registry+https://github.com/rust-lang/crates.io-index)",
]

[[package]]
name = "thread_local"
version = "0.3.5"
source = "registry+https://github.com/rust-lang/crates.io-index"
dependencies = [
 "lazy_static 1.0.2 (registry+https://github.com/rust-lang/crates.io-index)",
 "unreachable 1.0.0 (registry+https://github.com/rust-lang/crates.io-index)",
]

[[package]]
name = "time"
version = "0.1.40"
source = "registry+https://github.com/rust-lang/crates.io-index"
dependencies = [
 "libc 0.2.42 (registry+https://github.com/rust-lang/crates.io-index)",
 "redox_syscall 0.1.40 (registry+https://github.com/rust-lang/crates.io-index)",
 "winapi 0.3.5 (registry+https://github.com/rust-lang/crates.io-index)",
]

[[package]]
name = "toml"
version = "0.4.6"
source = "registry+https://github.com/rust-lang/crates.io-index"
dependencies = [
 "serde 1.0.70 (registry+https://github.com/rust-lang/crates.io-index)",
]

[[package]]
name = "ucd-util"
version = "0.1.1"
source = "registry+https://github.com/rust-lang/crates.io-index"

[[package]]
name = "unicode-segmentation"
version = "1.2.1"
source = "registry+https://github.com/rust-lang/crates.io-index"

[[package]]
name = "unicode-width"
version = "0.1.5"
source = "registry+https://github.com/rust-lang/crates.io-index"

[[package]]
name = "unicode-xid"
version = "0.0.4"
source = "registry+https://github.com/rust-lang/crates.io-index"

[[package]]
name = "unicode-xid"
version = "0.1.0"
source = "registry+https://github.com/rust-lang/crates.io-index"

[[package]]
name = "unreachable"
version = "1.0.0"
source = "registry+https://github.com/rust-lang/crates.io-index"
dependencies = [
 "void 1.0.2 (registry+https://github.com/rust-lang/crates.io-index)",
]

[[package]]
name = "utf8-ranges"
version = "1.0.0"
source = "registry+https://github.com/rust-lang/crates.io-index"

[[package]]
name = "vec_map"
version = "0.8.1"
source = "registry+https://github.com/rust-lang/crates.io-index"

[[package]]
name = "void"
version = "1.0.2"
source = "registry+https://github.com/rust-lang/crates.io-index"

[[package]]
name = "which"
version = "1.0.5"
source = "registry+https://github.com/rust-lang/crates.io-index"
dependencies = [
 "libc 0.2.42 (registry+https://github.com/rust-lang/crates.io-index)",
]

[[package]]
name = "winapi"
version = "0.2.8"
source = "registry+https://github.com/rust-lang/crates.io-index"

[[package]]
name = "winapi"
version = "0.3.5"
source = "registry+https://github.com/rust-lang/crates.io-index"
dependencies = [
 "winapi-i686-pc-windows-gnu 0.4.0 (registry+https://github.com/rust-lang/crates.io-index)",
 "winapi-x86_64-pc-windows-gnu 0.4.0 (registry+https://github.com/rust-lang/crates.io-index)",
]

[[package]]
name = "winapi-build"
version = "0.1.1"
source = "registry+https://github.com/rust-lang/crates.io-index"

[[package]]
name = "winapi-i686-pc-windows-gnu"
version = "0.4.0"
source = "registry+https://github.com/rust-lang/crates.io-index"

[[package]]
name = "winapi-x86_64-pc-windows-gnu"
version = "0.4.0"
source = "registry+https://github.com/rust-lang/crates.io-index"

[[package]]
name = "xml-rs"
version = "0.3.6"
source = "registry+https://github.com/rust-lang/crates.io-index"
dependencies = [
 "bitflags 0.7.0 (registry+https://github.com/rust-lang/crates.io-index)",
]

[metadata]
"checksum aho-corasick 0.6.6 (registry+https://github.com/rust-lang/crates.io-index)" = "c1c6d463cbe7ed28720b5b489e7c083eeb8f90d08be2a0d6bb9e1ffea9ce1afa"
"checksum ansi_term 0.9.0 (registry+https://github.com/rust-lang/crates.io-index)" = "23ac7c30002a5accbf7e8987d0632fa6de155b7c3d39d0067317a391e00a2ef6"
"checksum arrayvec 0.4.7 (registry+https://github.com/rust-lang/crates.io-index)" = "a1e964f9e24d588183fcb43503abda40d288c8657dfc27311516ce2f05675aef"
"checksum aster 0.41.0 (registry+https://github.com/rust-lang/crates.io-index)" = "4ccfdf7355d9db158df68f976ed030ab0f6578af811f5a7bb6dcf221ec24e0e0"
"checksum atty 0.2.11 (registry+https://github.com/rust-lang/crates.io-index)" = "9a7d5b8723950951411ee34d271d99dddcc2035a16ab25310ea2c8cfd4369652"
"checksum bindgen 0.30.0 (registry+https://github.com/rust-lang/crates.io-index)" = "33024f55a754d920637461adf87fb485702a69bdf7ac1d307b7e18da93bae505"
"checksum bitflags 0.7.0 (registry+https://github.com/rust-lang/crates.io-index)" = "aad18937a628ec6abcd26d1489012cc0e18c21798210f491af69ded9b881106d"
"checksum bitflags 0.8.2 (registry+https://github.com/rust-lang/crates.io-index)" = "1370e9fc2a6ae53aea8b7a5110edbd08836ed87c88736dfabccade1c2b44bff4"
"checksum bitflags 0.9.1 (registry+https://github.com/rust-lang/crates.io-index)" = "4efd02e230a02e18f92fc2735f44597385ed02ad8f831e7c1c1156ee5e1ab3a5"
"checksum bitflags 1.0.3 (registry+https://github.com/rust-lang/crates.io-index)" = "d0c54bb8f454c567f21197eefcdbf5679d0bd99f2ddbe52e84c77061952e6789"
"checksum cbindgen 0.4.3 (registry+https://github.com/rust-lang/crates.io-index)" = "efb8a43c5208296a40a7cc8e052806aa8550a6ca3982fcff14a393c65a102779"
"checksum cc 1.0.18 (registry+https://github.com/rust-lang/crates.io-index)" = "2119ea4867bd2b8ed3aecab467709720b2d55b1bcfe09f772fd68066eaf15275"
"checksum cexpr 0.2.3 (registry+https://github.com/rust-lang/crates.io-index)" = "42aac45e9567d97474a834efdee3081b3c942b2205be932092f53354ce503d6c"
"checksum cfg-if 0.1.4 (registry+https://github.com/rust-lang/crates.io-index)" = "efe5c877e17a9c717a0bf3613b2709f723202c4e4675cc8f12926ded29bcb17e"
"checksum clang-sys 0.19.0 (registry+https://github.com/rust-lang/crates.io-index)" = "611ec2e3a7623afd8a8c0d027887b6b55759d894abbf5fe11b9dc11b50d5b49a"
"checksum clap 2.26.0 (registry+https://github.com/rust-lang/crates.io-index)" = "2267a8fdd4dce6956ba6649e130f62fb279026e5e84b92aa939ac8f85ce3f9f0"
"checksum crossbeam-deque 0.2.0 (registry+https://github.com/rust-lang/crates.io-index)" = "f739f8c5363aca78cfb059edf753d8f0d36908c348f3d8d1503f03d8b75d9cf3"
"checksum crossbeam-epoch 0.3.1 (registry+https://github.com/rust-lang/crates.io-index)" = "927121f5407de9956180ff5e936fe3cf4324279280001cd56b669d28ee7e9150"
"checksum crossbeam-utils 0.2.2 (registry+https://github.com/rust-lang/crates.io-index)" = "2760899e32a1d58d5abb31129f8fae5de75220bc2176e77ff7c627ae45c918d9"
"checksum derive-new 0.5.5 (registry+https://github.com/rust-lang/crates.io-index)" = "899ec79626c14e00ccc9729b4d750bbe67fe76a8f436824c16e0233bbd9d7daa"
"checksum dtoa 0.4.3 (registry+https://github.com/rust-lang/crates.io-index)" = "6d301140eb411af13d3115f9a562c85cc6b541ade9dfa314132244aaee7489dd"
"checksum either 1.5.0 (registry+https://github.com/rust-lang/crates.io-index)" = "3be565ca5c557d7f59e7cfcf1844f9e3033650c929c6566f511e8005f205c1d0"
"checksum env_logger 0.4.3 (registry+https://github.com/rust-lang/crates.io-index)" = "3ddf21e73e016298f5cb37d6ef8e8da8e39f91f9ec8b0df44b7deb16a9f8cd5b"
"checksum failure 0.1.1 (registry+https://github.com/rust-lang/crates.io-index)" = "934799b6c1de475a012a02dab0ace1ace43789ee4b99bcfbf1a2e3e8ced5de82"
"checksum failure_derive 0.1.1 (registry+https://github.com/rust-lang/crates.io-index)" = "c7cdda555bb90c9bb67a3b670a0f42de8e73f5981524123ad8578aafec8ddb8b"
"checksum fern 0.5.6 (registry+https://github.com/rust-lang/crates.io-index)" = "57915fe00a83af935983eb2d00b0ecc62419c4741b28c207ecbf98fd4a1b94c8"
"checksum fuchsia-zircon 0.3.3 (registry+https://github.com/rust-lang/crates.io-index)" = "2e9763c69ebaae630ba35f74888db465e49e259ba1bc0eda7d06f4a067615d82"
"checksum fuchsia-zircon-sys 0.3.3 (registry+https://github.com/rust-lang/crates.io-index)" = "3dcaa9ae7725d12cdb85b3ad99a434db70b468c09ded17e012d86b5c1010f7a7"
"checksum gettext-rs 0.3.0 (registry+https://github.com/rust-lang/crates.io-index)" = "823d7e5d0e615f937c7629991bc9f4c090ad582303214c38744e1a16d6ffbe5e"
"checksum glob 0.2.11 (registry+https://github.com/rust-lang/crates.io-index)" = "8be18de09a56b60ed0edf84bc9df007e30040691af7acd1c41874faac5895bfb"
"checksum iso3166-1 1.0.1 (registry+https://github.com/rust-lang/crates.io-index)" = "ece62adcb2a0461fcda598d6de350e0b385dc355ac6ac3984428c8eb973eb9ac"
"checksum isolang 0.2.1 (registry+https://github.com/rust-lang/crates.io-index)" = "9e5855a5a1ba5957e064977b94e5cd15ecbe83904a5191576be11615186cd868"
"checksum itertools 0.7.8 (registry+https://github.com/rust-lang/crates.io-index)" = "f58856976b776fedd95533137617a02fb25719f40e7d9b01c7043cd65474f450"
"checksum itoa 0.4.2 (registry+https://github.com/rust-lang/crates.io-index)" = "5adb58558dcd1d786b5f0bd15f3226ee23486e24b7b58304b60f64dc68e62606"
"checksum kernel32-sys 0.2.2 (registry+https://github.com/rust-lang/crates.io-index)" = "7507624b29483431c0ba2d82aece8ca6cdba9382bff4ddd0f7490560c056098d"
"checksum lazy_static 0.2.11 (registry+https://github.com/rust-lang/crates.io-index)" = "76f033c7ad61445c5b347c7382dd1237847eb1bce590fe50365dcb33d546be73"
"checksum lazy_static 1.0.2 (registry+https://github.com/rust-lang/crates.io-index)" = "fb497c35d362b6a331cfd94956a07fc2c78a4604cdbee844a81170386b996dd3"
"checksum libc 0.2.42 (registry+https://github.com/rust-lang/crates.io-index)" = "b685088df2b950fccadf07a7187c8ef846a959c142338a48f9dc0b94517eb5f1"
"checksum libloading 0.4.3 (registry+https://github.com/rust-lang/crates.io-index)" = "fd38073de8f7965d0c17d30546d4bb6da311ab428d1c7a3fc71dff7f9d4979b9"
"checksum libparted 0.1.3 (registry+https://github.com/rust-lang/crates.io-index)" = "a46101492e623f2d20b057d101408d26ec9bbd83cf83b8de6fb523d143164703"
"checksum libparted-sys 0.1.1 (registry+https://github.com/rust-lang/crates.io-index)" = "16498f117aee52a1caa4523a6ecd9806ba81e176f0f2b489bd308e77eb83524a"
"checksum log 0.3.9 (registry+https://github.com/rust-lang/crates.io-index)" = "e19e8d5c34a3e0e2223db8e060f9e8264aeeb5c5fc64a4ee9965c062211c024b"
"checksum log 0.4.3 (registry+https://github.com/rust-lang/crates.io-index)" = "61bd98ae7f7b754bc53dca7d44b604f733c6bba044ea6f41bc8d89272d8161d2"
"checksum memchr 1.0.2 (registry+https://github.com/rust-lang/crates.io-index)" = "148fab2e51b4f1cfc66da2a7c32981d1d3c083a803978268bb11fe4b86925e7a"
"checksum memchr 2.0.1 (registry+https://github.com/rust-lang/crates.io-index)" = "796fba70e76612589ed2ce7f45282f5af869e0fdd7cc6199fa1aa1f1d591ba9d"
"checksum memoffset 0.2.1 (registry+https://github.com/rust-lang/crates.io-index)" = "0f9dc261e2b62d7a622bf416ea3c5245cdd5d9a7fcc428c0d06804dfce1775b3"
"checksum nodrop 0.1.12 (registry+https://github.com/rust-lang/crates.io-index)" = "9a2228dca57108069a5262f2ed8bd2e82496d2e074a06d1ccc7ce1687b6ae0a2"
"checksum nom 3.2.1 (registry+https://github.com/rust-lang/crates.io-index)" = "05aec50c70fd288702bcd93284a8444607f3292dbdf2a30de5ea5dcdbe72287b"
"checksum num_cpus 1.8.0 (registry+https://github.com/rust-lang/crates.io-index)" = "c51a3322e4bca9d212ad9a158a02abc6934d005490c054a2778df73a70aa0a30"
"checksum pbr 1.0.1 (registry+https://github.com/rust-lang/crates.io-index)" = "deb73390ab68d81992bd994d145f697451bb0b54fd39738e72eef32458ad6907"
"checksum peeking_take_while 0.1.2 (registry+https://github.com/rust-lang/crates.io-index)" = "19b17cddbe7ec3f8bc800887bab5e717348c95ea2ca0b1bf0837fb964dc67099"
"checksum phf 0.7.22 (registry+https://github.com/rust-lang/crates.io-index)" = "7d37a244c75a9748e049225155f56dbcb98fe71b192fd25fd23cb914b5ad62f2"
"checksum phf_codegen 0.7.22 (registry+https://github.com/rust-lang/crates.io-index)" = "4e4048fe7dd7a06b8127ecd6d3803149126e9b33c7558879846da3a63f734f2b"
"checksum phf_generator 0.7.22 (registry+https://github.com/rust-lang/crates.io-index)" = "05a079dd052e7b674d21cb31cbb6c05efd56a2cd2827db7692e2f1a507ebd998"
"checksum phf_shared 0.7.22 (registry+https://github.com/rust-lang/crates.io-index)" = "c2261d544c2bb6aa3b10022b0be371b9c7c64f762ef28c6f5d4f1ef6d97b5930"
"checksum proc-macro2 0.4.9 (registry+https://github.com/rust-lang/crates.io-index)" = "cccdc7557a98fe98453030f077df7f3a042052fae465bb61d2c2c41435cfd9b6"
"checksum quasi 0.32.0 (registry+https://github.com/rust-lang/crates.io-index)" = "18c45c4854d6d1cf5d531db97c75880feb91c958b0720f4ec1057135fec358b3"
"checksum quasi_codegen 0.32.0 (registry+https://github.com/rust-lang/crates.io-index)" = "51b9e25fa23c044c1803f43ca59c98dac608976dd04ce799411edd58ece776d4"
"checksum quote 0.3.15 (registry+https://github.com/rust-lang/crates.io-index)" = "7a6e920b65c65f10b2ae65c831a81a073a89edd28c7cce89475bff467ab4167a"
"checksum quote 0.6.4 (registry+https://github.com/rust-lang/crates.io-index)" = "b71f9f575d55555aa9c06188be9d4e2bfc83ed02537948ac0d520c24d0419f1a"
"checksum rand 0.4.2 (registry+https://github.com/rust-lang/crates.io-index)" = "eba5f8cb59cc50ed56be8880a5c7b496bfd9bd26394e176bc67884094145c2c5"
"checksum raw-cpuid 3.1.0 (registry+https://github.com/rust-lang/crates.io-index)" = "233ec1847057cf4d4591a0d76908aa12812140b11ea7d7d05b4c38cadb069c31"
"checksum rayon 1.0.2 (registry+https://github.com/rust-lang/crates.io-index)" = "df7a791f788cb4c516f0e091301a29c2b71ef680db5e644a7d68835c8ae6dbfa"
"checksum rayon-core 1.4.1 (registry+https://github.com/rust-lang/crates.io-index)" = "b055d1e92aba6877574d8fe604a63c8b5df60f60e5982bf7ccbb1338ea527356"
"checksum redox_syscall 0.1.40 (registry+https://github.com/rust-lang/crates.io-index)" = "c214e91d3ecf43e9a4e41e578973adeb14b474f2bee858742d127af75a0112b1"
"checksum redox_termios 0.1.1 (registry+https://github.com/rust-lang/crates.io-index)" = "7e891cfe48e9100a70a3b6eb652fef28920c117d366339687bd5576160db0f76"
"checksum regex 0.2.11 (registry+https://github.com/rust-lang/crates.io-index)" = "9329abc99e39129fcceabd24cf5d85b4671ef7c29c50e972bc5afe32438ec384"
"checksum regex-syntax 0.5.6 (registry+https://github.com/rust-lang/crates.io-index)" = "7d707a4fa2637f2dca2ef9fd02225ec7661fe01a53623c1e6515b6916511f7a7"
"checksum remove_dir_all 0.5.1 (registry+https://github.com/rust-lang/crates.io-index)" = "3488ba1b9a2084d38645c4c08276a1752dcbf2c7130d74f1569681ad5d2799c5"
"checksum rustc-serialize 0.3.24 (registry+https://github.com/rust-lang/crates.io-index)" = "dcf128d1287d2ea9d80910b5f1120d0b8eede3fbf1abe91c40d39ea7d51e6fda"
"checksum scopeguard 0.3.3 (registry+https://github.com/rust-lang/crates.io-index)" = "94258f53601af11e6a49f722422f6e3425c52b06245a5cf9bc09908b174f5e27"
"checksum serde 1.0.70 (registry+https://github.com/rust-lang/crates.io-index)" = "0c3adf19c07af6d186d91dae8927b83b0553d07ca56cbf7f2f32560455c91920"
"checksum serde-xml-rs 0.2.1 (registry+https://github.com/rust-lang/crates.io-index)" = "0c06881f4313eec67d4ecfcd8e14339f6042cfc0de4b1bd3ceae74c29d597f68"
"checksum serde_derive 1.0.70 (registry+https://github.com/rust-lang/crates.io-index)" = "3525a779832b08693031b8ecfb0de81cd71cfd3812088fafe9a7496789572124"
"checksum serde_json 1.0.24 (registry+https://github.com/rust-lang/crates.io-index)" = "c3c6908c7b925cd6c590358a4034de93dbddb20c45e1d021931459fd419bf0e2"
"checksum siphasher 0.2.2 (registry+https://github.com/rust-lang/crates.io-index)" = "0df90a788073e8d0235a67e50441d47db7c8ad9debd91cbf43736a2a92d36537"
"checksum strsim 0.6.0 (registry+https://github.com/rust-lang/crates.io-index)" = "b4d15c810519a91cf877e7e36e63fe068815c678181439f2f29e2562147c3694"
"checksum syn 0.11.11 (registry+https://github.com/rust-lang/crates.io-index)" = "d3b891b9015c88c576343b9b3e41c2c11a51c219ef067b264bd9c8aa9b441dad"
"checksum syn 0.14.5 (registry+https://github.com/rust-lang/crates.io-index)" = "4bad7abdf6633f07c7046b90484f1d9dc055eca39f8c991177b1046ce61dba9a"
"checksum synom 0.11.3 (registry+https://github.com/rust-lang/crates.io-index)" = "a393066ed9010ebaed60b9eafa373d4b1baac186dd7e008555b0f702b51945b6"
"checksum synstructure 0.6.1 (registry+https://github.com/rust-lang/crates.io-index)" = "3a761d12e6d8dcb4dcf952a7a89b475e3a9d69e4a69307e01a470977642914bd"
"checksum syntex 0.58.1 (registry+https://github.com/rust-lang/crates.io-index)" = "a8f5e3aaa79319573d19938ea38d068056b826db9883a5d47f86c1cecc688f0e"
"checksum syntex_errors 0.58.1 (registry+https://github.com/rust-lang/crates.io-index)" = "867cc5c2d7140ae7eaad2ae9e8bf39cb18a67ca651b7834f88d46ca98faadb9c"
"checksum syntex_pos 0.58.1 (registry+https://github.com/rust-lang/crates.io-index)" = "13ad4762fe52abc9f4008e85c4fb1b1fe3aa91ccb99ff4826a439c7c598e1047"
"checksum syntex_syntax 0.58.1 (registry+https://github.com/rust-lang/crates.io-index)" = "6e0e4dbae163dd98989464c23dd503161b338790640e11537686f2ef0f25c791"
"checksum tempdir 0.3.7 (registry+https://github.com/rust-lang/crates.io-index)" = "15f2b5fb00ccdf689e0149d1b1b3c03fead81c2b37735d812fa8bddbbf41b6d8"
"checksum term 0.4.6 (registry+https://github.com/rust-lang/crates.io-index)" = "fa63644f74ce96fbeb9b794f66aff2a52d601cbd5e80f4b97123e3899f4570f1"
"checksum term_size 0.3.1 (registry+https://github.com/rust-lang/crates.io-index)" = "9e5b9a66db815dcfd2da92db471106457082577c3c278d4138ab3e3b4e189327"
"checksum termion 1.5.1 (registry+https://github.com/rust-lang/crates.io-index)" = "689a3bdfaab439fd92bc87df5c4c78417d3cbe537487274e9b0b2dce76e92096"
"checksum textwrap 0.7.0 (registry+https://github.com/rust-lang/crates.io-index)" = "f728584ea33b0ad19318e20557cb0a39097751dbb07171419673502f848c7af6"
"checksum thread_local 0.3.5 (registry+https://github.com/rust-lang/crates.io-index)" = "279ef31c19ededf577bfd12dfae728040a21f635b06a24cd670ff510edd38963"
"checksum time 0.1.40 (registry+https://github.com/rust-lang/crates.io-index)" = "d825be0eb33fda1a7e68012d51e9c7f451dc1a69391e7fdc197060bb8c56667b"
"checksum toml 0.4.6 (registry+https://github.com/rust-lang/crates.io-index)" = "a0263c6c02c4db6c8f7681f9fd35e90de799ebd4cfdeab77a38f4ff6b3d8c0d9"
"checksum ucd-util 0.1.1 (registry+https://github.com/rust-lang/crates.io-index)" = "fd2be2d6639d0f8fe6cdda291ad456e23629558d466e2789d2c3e9892bda285d"
"checksum unicode-segmentation 1.2.1 (registry+https://github.com/rust-lang/crates.io-index)" = "aa6024fc12ddfd1c6dbc14a80fa2324d4568849869b779f6bd37e5e4c03344d1"
"checksum unicode-width 0.1.5 (registry+https://github.com/rust-lang/crates.io-index)" = "882386231c45df4700b275c7ff55b6f3698780a650026380e72dabe76fa46526"
"checksum unicode-xid 0.0.4 (registry+https://github.com/rust-lang/crates.io-index)" = "8c1f860d7d29cf02cb2f3f359fd35991af3d30bac52c57d265a3c461074cb4dc"
"checksum unicode-xid 0.1.0 (registry+https://github.com/rust-lang/crates.io-index)" = "fc72304796d0818e357ead4e000d19c9c174ab23dc11093ac919054d20a6a7fc"
"checksum unreachable 1.0.0 (registry+https://github.com/rust-lang/crates.io-index)" = "382810877fe448991dfc7f0dd6e3ae5d58088fd0ea5e35189655f84e6814fa56"
"checksum utf8-ranges 1.0.0 (registry+https://github.com/rust-lang/crates.io-index)" = "662fab6525a98beff2921d7f61a39e7d59e0b425ebc7d0d9e66d316e55124122"
"checksum vec_map 0.8.1 (registry+https://github.com/rust-lang/crates.io-index)" = "05c78687fb1a80548ae3250346c3db86a80a7cdd77bda190189f2d0a0987c81a"
"checksum void 1.0.2 (registry+https://github.com/rust-lang/crates.io-index)" = "6a02e4885ed3bc0f2de90ea6dd45ebcbb66dacffe03547fadbb0eeae2770887d"
"checksum which 1.0.5 (registry+https://github.com/rust-lang/crates.io-index)" = "e84a603e7e0b1ce1aa1ee2b109c7be00155ce52df5081590d1ffb93f4f515cb2"
"checksum winapi 0.2.8 (registry+https://github.com/rust-lang/crates.io-index)" = "167dc9d6949a9b857f3451275e911c3f44255842c1f7a76f33c55103a909087a"
"checksum winapi 0.3.5 (registry+https://github.com/rust-lang/crates.io-index)" = "773ef9dcc5f24b7d850d0ff101e542ff24c3b090a9768e03ff889fdef41f00fd"
"checksum winapi-build 0.1.1 (registry+https://github.com/rust-lang/crates.io-index)" = "2d315eee3b34aca4797b2da6b13ed88266e6d612562a0c46390af8299fc699bc"
"checksum winapi-i686-pc-windows-gnu 0.4.0 (registry+https://github.com/rust-lang/crates.io-index)" = "ac3b87c63620426dd9b991e5ce0329eff545bccbbb34f3be09ff6fb6ab51b7b6"
"checksum winapi-x86_64-pc-windows-gnu 0.4.0 (registry+https://github.com/rust-lang/crates.io-index)" = "712e227841d057c1ee1cd2fb22fa7e5a5461ae8e48fa2ca79ec42cfc1931183f"
"checksum xml-rs 0.3.6 (registry+https://github.com/rust-lang/crates.io-index)" = "7ec6c39eaa68382c8e31e35239402c0a9489d4141a8ceb0c716099a0b515b562"
